
Microsoft Visual Studio Solution File, Format Version 12.00
# Visual Studio Version 16
VisualStudioVersion = 16.0.31105.61
MinimumVisualStudioVersion = 10.0.40219.1
Project("{9A19103F-16F7-4668-BE54-9A1E7A4F7556}") = "WPFEntityCoreExample", "WPFEntityCoreExample.csproj", "{07BEA396-9651-4312-B576-C7D3D1208438}"
EndProject
Project("{9A19103F-16F7-4668-BE54-9A1E7A4F7556}") = "WPRControls", "..\WPRControls\WPRControls\WPRControls.csproj", "{DFDECA93-3AEA-4D13-9ED0-F1F20F923BEC}"
EndProject
Global
	GlobalSection(SolutionConfigurationPlatforms) = preSolution
		Debug|Any CPU = Debug|Any CPU
		Release|Any CPU = Release|Any CPU
	EndGlobalSection
	GlobalSection(ProjectConfigurationPlatforms) = postSolution
		{07BEA396-9651-4312-B576-C7D3D1208438}.Debug|Any CPU.ActiveCfg = Debug|Any CPU
		{07BEA396-9651-4312-B576-C7D3D1208438}.Debug|Any CPU.Build.0 = Debug|Any CPU
		{07BEA396-9651-4312-B576-C7D3D1208438}.Release|Any CPU.ActiveCfg = Release|Any CPU
		{07BEA396-9651-4312-B576-C7D3D1208438}.Release|Any CPU.Build.0 = Release|Any CPU
		{DFDECA93-3AEA-4D13-9ED0-F1F20F923BEC}.Debug|Any CPU.ActiveCfg = Debug|Any CPU
		{DFDECA93-3AEA-4D13-9ED0-F1F20F923BEC}.Debug|Any CPU.Build.0 = Debug|Any CPU
		{DFDECA93-3AEA-4D13-9ED0-F1F20F923BEC}.Release|Any CPU.ActiveCfg = Release|Any CPU
		{DFDECA93-3AEA-4D13-9ED0-F1F20F923BEC}.Release|Any CPU.Build.0 = Release|Any CPU
	EndGlobalSection
	GlobalSection(SolutionProperties) = preSolution
		HideSolutionNode = FALSE
	EndGlobalSection
	GlobalSection(ExtensibilityGlobals) = postSolution
		SolutionGuid = {A994BA34-558F-47FB-B9CC-1B131092BA17}
	EndGlobalSection
EndGlobal
